{
    "version": 3,
    "terraform_version": "0.11.13",
    "serial": 11,
    "lineage": "d3500fd2-2e7d-2318-c263-89524eb268a2",
    "modules": [
        {
            "path": [
                "root"
            ],
            "outputs": {},
            "resources": {
                "aws_cloudfront_distribution.main": {
                    "type": "aws_cloudfront_distribution",
                    "depends_on": [],
                    "primary": {
                        "id": "ESFFNBPPOEJYK",
                        "attributes": {
                            "active_trusted_signers.%": "2",
                            "active_trusted_signers.enabled": "false",
                            "active_trusted_signers.items.#": "0",
                            "aliases.#": "1",
                            "aliases.2363205521": "aluc.io",
                            "arn": "arn:aws:cloudfront::539425821792:distribution/ESFFNBPPOEJYK",
                            "caller_reference": "2019-04-29T03:26:18.240169+09:00",
                            "comment": "Some comment",
                            "custom_error_response.#": "0",
                            "default_cache_behavior.#": "1",
                            "default_cache_behavior.0.allowed_methods.#": "7",
                            "default_cache_behavior.0.allowed_methods.1012961568": "POST",
                            "default_cache_behavior.0.allowed_methods.1040875975": "GET",
                            "default_cache_behavior.0.allowed_methods.1445840968": "HEAD",
                            "default_cache_behavior.0.allowed_methods.1741119464": "PATCH",
                            "default_cache_behavior.0.allowed_methods.348445828": "DELETE",
                            "default_cache_behavior.0.allowed_methods.3982006612": "OPTIONS",
                            "default_cache_behavior.0.allowed_methods.4024585617": "PUT",
                            "default_cache_behavior.0.cached_methods.#": "2",
                            "default_cache_behavior.0.cached_methods.1040875975": "GET",
                            "default_cache_behavior.0.cached_methods.1445840968": "HEAD",
                            "default_cache_behavior.0.compress": "false",
                            "default_cache_behavior.0.default_ttl": "3600",
                            "default_cache_behavior.0.field_level_encryption_id": "",
                            "default_cache_behavior.0.forwarded_values.#": "1",
                            "default_cache_behavior.0.forwarded_values.0.cookies.#": "1",
                            "default_cache_behavior.0.forwarded_values.0.cookies.0.forward": "none",
                            "default_cache_behavior.0.forwarded_values.0.cookies.0.whitelisted_names.#": "0",
                            "default_cache_behavior.0.forwarded_values.0.headers.#": "0",
                            "default_cache_behavior.0.forwarded_values.0.query_string": "false",
                            "default_cache_behavior.0.forwarded_values.0.query_string_cache_keys.#": "0",
                            "default_cache_behavior.0.lambda_function_association.#": "0",
                            "default_cache_behavior.0.max_ttl": "86400",
                            "default_cache_behavior.0.min_ttl": "0",
                            "default_cache_behavior.0.smooth_streaming": "false",
                            "default_cache_behavior.0.target_origin_id": "Custom-v5fomf30dj.execute-api.ap-northeast-2.amazonaws.com",
                            "default_cache_behavior.0.trusted_signers.#": "0",
                            "default_cache_behavior.0.viewer_protocol_policy": "allow-all",
                            "default_root_object": "index.html",
                            "domain_name": "d34x3hgmqhejc6.cloudfront.net",
                            "enabled": "true",
                            "etag": "E10ER8XMEY7OSU",
                            "hosted_zone_id": "Z2FDTNDATAQYW2",
                            "http_version": "http2",
                            "id": "ESFFNBPPOEJYK",
                            "in_progress_validation_batches": "0",
                            "is_ipv6_enabled": "true",
                            "last_modified_time": "2019-04-28 18:26:22.045 +0000 UTC",
                            "logging_config.#": "1",
                            "logging_config.0.bucket": "aluc.io-log.s3.amazonaws.com",
                            "logging_config.0.include_cookies": "false",
                            "logging_config.0.prefix": "cloudfront",
                            "ordered_cache_behavior.#": "0",
                            "origin.#": "1",
                            "origin.2803206606.custom_header.#": "0",
                            "origin.2803206606.custom_origin_config.#": "1",
                            "origin.2803206606.custom_origin_config.0.http_port": "80",
                            "origin.2803206606.custom_origin_config.0.https_port": "443",
                            "origin.2803206606.custom_origin_config.0.origin_keepalive_timeout": "60",
                            "origin.2803206606.custom_origin_config.0.origin_protocol_policy": "https-only",
                            "origin.2803206606.custom_origin_config.0.origin_read_timeout": "60",
                            "origin.2803206606.custom_origin_config.0.origin_ssl_protocols.#": "3",
                            "origin.2803206606.custom_origin_config.0.origin_ssl_protocols.1162609714": "TLSv1",
                            "origin.2803206606.custom_origin_config.0.origin_ssl_protocols.3330230486": "TLSv1.1",
                            "origin.2803206606.custom_origin_config.0.origin_ssl_protocols.3981581077": "TLSv1.2",
                            "origin.2803206606.domain_name": "v5fomf30dj.execute-api.ap-northeast-2.amazonaws.com",
                            "origin.2803206606.origin_id": "Custom-v5fomf30dj.execute-api.ap-northeast-2.amazonaws.com",
                            "origin.2803206606.origin_path": "/dev",
                            "origin.2803206606.s3_origin_config.#": "0",
                            "price_class": "PriceClass_100",
                            "restrictions.#": "1",
                            "restrictions.0.geo_restriction.#": "1",
                            "restrictions.0.geo_restriction.0.locations.#": "0",
                            "restrictions.0.geo_restriction.0.restriction_type": "none",
                            "retain_on_delete": "false",
                            "status": "Deployed",
                            "tags.%": "1",
                            "tags.Environment": "production",
                            "viewer_certificate.#": "1",
                            "viewer_certificate.0.acm_certificate_arn": "arn:aws:acm:us-east-1:539425821792:certificate/619fddca-1aaf-458e-9803-20cc9171eeda",
                            "viewer_certificate.0.cloudfront_default_certificate": "false",
                            "viewer_certificate.0.iam_certificate_id": "",
                            "viewer_certificate.0.minimum_protocol_version": "TLSv1",
                            "viewer_certificate.0.ssl_support_method": "sni-only",
                            "wait_for_deployment": "true",
                            "web_acl_id": ""
                        },
                        "meta": {
                            "schema_version": "1"
                        },
                        "tainted": false
                    },
                    "deposed": [],
                    "provider": "provider.aws"
                },
                "aws_s3_bucket.log_bucket": {
                    "type": "aws_s3_bucket",
                    "depends_on": [],
                    "primary": {
                        "id": "aluc.io-log",
                        "attributes": {
                            "acceleration_status": "",
                            "acl": "log-delivery-write",
                            "arn": "arn:aws:s3:::aluc.io-log",
                            "bucket": "aluc.io-log",
                            "bucket_domain_name": "aluc.io-log.s3.amazonaws.com",
                            "bucket_regional_domain_name": "aluc.io-log.s3.ap-northeast-2.amazonaws.com",
                            "cors_rule.#": "0",
                            "force_destroy": "false",
                            "hosted_zone_id": "Z3W03O7B5YMIYP",
                            "id": "aluc.io-log",
                            "lifecycle_rule.#": "0",
                            "logging.#": "0",
                            "object_lock_configuration.#": "0",
                            "region": "ap-northeast-2",
                            "replication_configuration.#": "0",
                            "request_payer": "BucketOwner",
                            "server_side_encryption_configuration.#": "0",
                            "tags.%": "0",
                            "versioning.#": "1",
                            "versioning.0.enabled": "false",
                            "versioning.0.mfa_delete": "false",
                            "website.#": "0"
                        },
                        "meta": {},
                        "tainted": false
                    },
                    "deposed": [],
                    "provider": "provider.aws"
                },
                "aws_s3_bucket.main": {
                    "type": "aws_s3_bucket",
                    "depends_on": [],
                    "primary": {
                        "id": "aluc.io",
                        "attributes": {
                            "acceleration_status": "",
                            "acl": "public-read",
                            "arn": "arn:aws:s3:::aluc.io",
                            "bucket": "aluc.io",
                            "bucket_domain_name": "aluc.io.s3.amazonaws.com",
                            "bucket_regional_domain_name": "aluc.io.s3.ap-northeast-2.amazonaws.com",
                            "cors_rule.#": "0",
                            "force_destroy": "false",
                            "hosted_zone_id": "Z3W03O7B5YMIYP",
                            "id": "aluc.io",
                            "lifecycle_rule.#": "0",
                            "logging.#": "0",
                            "object_lock_configuration.#": "0",
                            "policy": "{\"Statement\":[{\"Action\":\"s3:GetObject\",\"Effect\":\"Allow\",\"Principal\":\"*\",\"Resource\":\"arn:aws:s3:::aluc.io/*\"}],\"Version\":\"2012-10-17\"}",
                            "region": "ap-northeast-2",
                            "replication_configuration.#": "0",
                            "request_payer": "BucketOwner",
                            "server_side_encryption_configuration.#": "0",
                            "tags.%": "0",
                            "versioning.#": "1",
                            "versioning.0.enabled": "false",
                            "versioning.0.mfa_delete": "false",
                            "website.#": "0",
                            "website_domain": "",
                            "website_endpoint": ""
                        },
                        "meta": {},
                        "tainted": false
                    },
                    "deposed": [],
                    "provider": "provider.aws"
                },
                "data.aws_acm_certificate.alucio": {
                    "type": "aws_acm_certificate",
                    "depends_on": [],
                    "primary": {
                        "id": "2019-04-29 16:16:25.984761 +0000 UTC",
                        "attributes": {
                            "arn": "arn:aws:acm:us-east-1:539425821792:certificate/619fddca-1aaf-458e-9803-20cc9171eeda",
                            "domain": "aluc.io",
                            "id": "2019-04-29 16:16:25.984761 +0000 UTC",
                            "most_recent": "true",
                            "types.#": "1",
                            "types.0": "AMAZON_ISSUED"
                        },
                        "meta": {},
                        "tainted": false
                    },
                    "deposed": [],
                    "provider": "provider.aws.virginia"
                },
                "data.aws_route53_zone.main": {
                    "type": "aws_route53_zone",
                    "depends_on": [],
                    "primary": {
                        "id": "Z3C8HG7EKDFCWA",
                        "attributes": {
                            "caller_reference": "RISWorkflow-RD:05b7e81f-1121-46f9-b606-d4ed3b1a7368",
                            "comment": "HostedZone created by Route53 Registrar",
                            "id": "Z3C8HG7EKDFCWA",
                            "name": "aluc.io.",
                            "name_servers.#": "4",
                            "name_servers.0": "ns-1999.awsdns-57.co.uk",
                            "name_servers.1": "ns-1138.awsdns-14.org",
                            "name_servers.2": "ns-985.awsdns-59.net",
                            "name_servers.3": "ns-461.awsdns-57.com",
                            "private_zone": "false",
                            "resource_record_set_count": "23",
                            "zone_id": "Z3C8HG7EKDFCWA"
                        },
                        "meta": {},
                        "tainted": false
                    },
                    "deposed": [],
                    "provider": "provider.aws"
                }
            },
            "depends_on": []
        }
    ]
}
